PODS:
  - AFNetworking (1.3.4)
  - CocoaAsyncSocket (7.6.5)
  - PJLinkCocoa (0.9.9):
    - AFNetworking (= 1.3.4)
    - CocoaAsyncSocket (= 7.6.5)

DEPENDENCIES:
  - PJLinkCocoa (from `../`)

SPEC REPOS:
  trunk:
    - AFNetworking
    - CocoaAsyncSocket

EXTERNAL SOURCES:
  PJLinkCocoa:
    :path: "../"

SPEC CHECKSUMS:
  AFNetworking: cf8e418e16f0c9c7e5c3150d019a3c679d015018
  CocoaAsyncSocket: 065fd1e645c7abab64f7a6a2007a48038fdc6a99
  PJLinkCocoa: b9f8c4b1274c8231bf2cd8fb4448bdd193e09d13

PODFILE CHECKSUM: ff1d3ae885cfa4bbd556b807ff04d26ddff55f9f

COCOAPODS: 1.10.0
