// !$*UTF8*$!
{
	archiveVersion = 1;
	classes = {
	};
	objectVersion = 46;
	objects = {

/* Begin PBXBuildFile section */
		FD4EE3B2171C683F0033FD58 /* UIKit.framework in Frameworks */ = {isa = PBXBuildFile; fileRef = FD4EE3B1171C683F0033FD58 /* UIKit.framework */; };
		FD4EE3B4171C683F0033FD58 /* Foundation.framework in Frameworks */ = {isa = PBXBuildFile; fileRef = FD4EE3B3171C683F0033FD58 /* Foundation.framework */; };
		FD4EE3B6171C683F0033FD58 /* CoreGraphics.framework in Frameworks */ = {isa = PBXBuildFile; fileRef = FD4EE3B5171C683F0033FD58 /* CoreGraphics.framework */; };
		FD4EE3BC171C683F0033FD58 /* InfoPlist.strings in Resources */ = {isa = PBXBuildFile; fileRef = FD4EE3BA171C683F0033FD58 /* InfoPlist.strings */; };
		FD4EE3BE171C683F0033FD58 /* main.m in Sources */ = {isa = PBXBuildFile; fileRef = FD4EE3BD171C683F0033FD58 /* main.m */; };
		FD4EE3C2171C683F0033FD58 /* PJAppDelegate.m in Sources */ = {isa = PBXBuildFile; fileRef = FD4EE3C1171C683F0033FD58 /* PJAppDelegate.m */; };
		FD4EE3C4171C683F0033FD58 /* Default.png in Resources */ = {isa = PBXBuildFile; fileRef = FD4EE3C3171C683F0033FD58 /* Default.png */; };
		FD4EE3C6171C683F0033FD58 /* Default@2x.png in Resources */ = {isa = PBXBuildFile; fileRef = FD4EE3C5171C683F0033FD58 /* Default@2x.png */; };
		FD4EE3C8171C683F0033FD58 /* Default-568h@2x.png in Resources */ = {isa = PBXBuildFile; fileRef = FD4EE3C7171C683F0033FD58 /* Default-568h@2x.png */; };
		FD4EE3CB171C683F0033FD58 /* MainStoryboard_iPhone.storyboard in Resources */ = {isa = PBXBuildFile; fileRef = FD4EE3C9171C683F0033FD58 /* MainStoryboard_iPhone.storyboard */; };
		FD4EE3CE171C683F0033FD58 /* MainStoryboard_iPad.storyboard in Resources */ = {isa = PBXBuildFile; fileRef = FD4EE3CC171C683F0033FD58 /* MainStoryboard_iPad.storyboard */; };
		FD4EE3D1171C683F0033FD58 /* PJViewController.m in Sources */ = {isa = PBXBuildFile; fileRef = FD4EE3D0171C683F0033FD58 /* PJViewController.m */; };
		FD9A0DC51728BF3600C82534 /* PJRequestInfo.m in Sources */ = {isa = PBXBuildFile; fileRef = FD9A0DBE1728BF3600C82534 /* PJRequestInfo.m */; };
		FD9A0DC61728BF3600C82534 /* PJResponseInfo.m in Sources */ = {isa = PBXBuildFile; fileRef = FD9A0DC01728BF3600C82534 /* PJResponseInfo.m */; };
		FD9A0DC71728BF3600C82534 /* PJURLProtocol.m in Sources */ = {isa = PBXBuildFile; fileRef = FD9A0DC21728BF3600C82534 /* PJURLProtocol.m */; };
		FD9A0DC81728BF3600C82534 /* PJURLResponse.m in Sources */ = {isa = PBXBuildFile; fileRef = FD9A0DC41728BF3600C82534 /* PJURLResponse.m */; };
		FD9A0DD21728BFA300C82534 /* NSMutableURLRequest+PJLink.m in Sources */ = {isa = PBXBuildFile; fileRef = FD9A0DCB1728BFA300C82534 /* NSMutableURLRequest+PJLink.m */; };
		FD9A0DD31728BFA300C82534 /* NSString+Utils.m in Sources */ = {isa = PBXBuildFile; fileRef = FD9A0DCD1728BFA300C82534 /* NSString+Utils.m */; };
		FD9A0DD41728BFA300C82534 /* NSURL+Utils.m in Sources */ = {isa = PBXBuildFile; fileRef = FD9A0DCF1728BFA300C82534 /* NSURL+Utils.m */; };
		FD9A0DD51728BFA300C82534 /* NSURLRequest+PJLink.m in Sources */ = {isa = PBXBuildFile; fileRef = FD9A0DD11728BFA300C82534 /* NSURLRequest+PJLink.m */; };
		FD9A0DDB1728C1F500C82534 /* GCDAsyncSocket.m in Sources */ = {isa = PBXBuildFile; fileRef = FD9A0DD81728C1F500C82534 /* GCDAsyncSocket.m */; };
		FD9A0DDC1728C1F500C82534 /* GCDAsyncUdpSocket.m in Sources */ = {isa = PBXBuildFile; fileRef = FD9A0DDA1728C1F500C82534 /* GCDAsyncUdpSocket.m */; };
		FD9A0DDE1728C22B00C82534 /* CFNetwork.framework in Frameworks */ = {isa = PBXBuildFile; fileRef = FD9A0DDD1728C22B00C82534 /* CFNetwork.framework */; };
		FD9A0DE01728C23400C82534 /* Security.framework in Frameworks */ = {isa = PBXBuildFile; fileRef = FD9A0DDF1728C23400C82534 /* Security.framework */; };
/* End PBXBuildFile section */

/* Begin PBXFileReference section */
		FD4EE3AE171C683F0033FD58 /* PJLinkCocoa.app */ = {isa = PBXFileReference; explicitFileType = wrapper.application; includeInIndex = 0; path = PJLinkCocoa.app; sourceTree = BUILT_PRODUCTS_DIR; };
		FD4EE3B1171C683F0033FD58 /* UIKit.framework */ = {isa = PBXFileReference; lastKnownFileType = wrapper.framework; name = UIKit.framework; path = System/Library/Frameworks/UIKit.framework; sourceTree = SDKROOT; };
		FD4EE3B3171C683F0033FD58 /* Foundation.framework */ = {isa = PBXFileReference; lastKnownFileType = wrapper.framework; name = Foundation.framework; path = System/Library/Frameworks/Foundation.framework; sourceTree = SDKROOT; };
		FD4EE3B5171C683F0033FD58 /* CoreGraphics.framework */ = {isa = PBXFileReference; lastKnownFileType = wrapper.framework; name = CoreGraphics.framework; path = System/Library/Frameworks/CoreGraphics.framework; sourceTree = SDKROOT; };
		FD4EE3B9171C683F0033FD58 /* PJLinkCocoa-Info.plist */ = {isa = PBXFileReference; lastKnownFileType = text.plist.xml; path = "PJLinkCocoa-Info.plist"; sourceTree = "<group>"; };
		FD4EE3BB171C683F0033FD58 /* en */ = {isa = PBXFileReference; lastKnownFileType = text.plist.strings; name = en; path = en.lproj/InfoPlist.strings; sourceTree = "<group>"; };
		FD4EE3BD171C683F0033FD58 /* main.m */ = {isa = PBXFileReference; lastKnownFileType = sourcecode.c.objc; path = main.m; sourceTree = "<group>"; };
		FD4EE3BF171C683F0033FD58 /* PJLinkCocoa-Prefix.pch */ = {isa = PBXFileReference; lastKnownFileType = sourcecode.c.h; path = "PJLinkCocoa-Prefix.pch"; sourceTree = "<group>"; };
		FD4EE3C0171C683F0033FD58 /* PJAppDelegate.h */ = {isa = PBXFileReference; lastKnownFileType = sourcecode.c.h; path = PJAppDelegate.h; sourceTree = "<group>"; };
		FD4EE3C1171C683F0033FD58 /* PJAppDelegate.m */ = {isa = PBXFileReference; lastKnownFileType = sourcecode.c.objc; path = PJAppDelegate.m; sourceTree = "<group>"; };
		FD4EE3C3171C683F0033FD58 /* Default.png */ = {isa = PBXFileReference; lastKnownFileType = image.png; path = Default.png; sourceTree = "<group>"; };
		FD4EE3C5171C683F0033FD58 /* Default@2x.png */ = {isa = PBXFileReference; lastKnownFileType = image.png; path = "Default@2x.png"; sourceTree = "<group>"; };
		FD4EE3C7171C683F0033FD58 /* Default-568h@2x.png */ = {isa = PBXFileReference; lastKnownFileType = image.png; path = "Default-568h@2x.png"; sourceTree = "<group>"; };
		FD4EE3CA171C683F0033FD58 /* en */ = {isa = PBXFileReference; lastKnownFileType = file.storyboard; name = en; path = en.lproj/MainStoryboard_iPhone.storyboard; sourceTree = "<group>"; };
		FD4EE3CD171C683F0033FD58 /* en */ = {isa = PBXFileReference; lastKnownFileType = file.storyboard; name = en; path = en.lproj/MainStoryboard_iPad.storyboard; sourceTree = "<group>"; };
		FD4EE3CF171C683F0033FD58 /* PJViewController.h */ = {isa = PBXFileReference; lastKnownFileType = sourcecode.c.h; path = PJViewController.h; sourceTree = "<group>"; };
		FD4EE3D0171C683F0033FD58 /* PJViewController.m */ = {isa = PBXFileReference; lastKnownFileType = sourcecode.c.objc; path = PJViewController.m; sourceTree = "<group>"; };
		FD9A0DBC1728BF3600C82534 /* PJDefinitions.h */ = {isa = PBXFileReference; fileEncoding = 4; lastKnownFileType = sourcecode.c.h; path = PJDefinitions.h; sourceTree = "<group>"; };
		FD9A0DBD1728BF3600C82534 /* PJRequestInfo.h */ = {isa = PBXFileReference; fileEncoding = 4; lastKnownFileType = sourcecode.c.h; path = PJRequestInfo.h; sourceTree = "<group>"; };
		FD9A0DBE1728BF3600C82534 /* PJRequestInfo.m */ = {isa = PBXFileReference; fileEncoding = 4; lastKnownFileType = sourcecode.c.objc; path = PJRequestInfo.m; sourceTree = "<group>"; };
		FD9A0DBF1728BF3600C82534 /* PJResponseInfo.h */ = {isa = PBXFileReference; fileEncoding = 4; lastKnownFileType = sourcecode.c.h; path = PJResponseInfo.h; sourceTree = "<group>"; };
		FD9A0DC01728BF3600C82534 /* PJResponseInfo.m */ = {isa = PBXFileReference; fileEncoding = 4; lastKnownFileType = sourcecode.c.objc; path = PJResponseInfo.m; sourceTree = "<group>"; };
		FD9A0DC11728BF3600C82534 /* PJURLProtocol.h */ = {isa = PBXFileReference; fileEncoding = 4; lastKnownFileType = sourcecode.c.h; path = PJURLProtocol.h; sourceTree = "<group>"; };
		FD9A0DC21728BF3600C82534 /* PJURLProtocol.m */ = {isa = PBXFileReference; fileEncoding = 4; lastKnownFileType = sourcecode.c.objc; path = PJURLProtocol.m; sourceTree = "<group>"; };
		FD9A0DC31728BF3600C82534 /* PJURLResponse.h */ = {isa = PBXFileReference; fileEncoding = 4; lastKnownFileType = sourcecode.c.h; path = PJURLResponse.h; sourceTree = "<group>"; };
		FD9A0DC41728BF3600C82534 /* PJURLResponse.m */ = {isa = PBXFileReference; fileEncoding = 4; lastKnownFileType = sourcecode.c.objc; path = PJURLResponse.m; sourceTree = "<group>"; };
		FD9A0DCA1728BFA300C82534 /* NSMutableURLRequest+PJLink.h */ = {isa = PBXFileReference; fileEncoding = 4; lastKnownFileType = sourcecode.c.h; path = "NSMutableURLRequest+PJLink.h"; sourceTree = "<group>"; };
		FD9A0DCB1728BFA300C82534 /* NSMutableURLRequest+PJLink.m */ = {isa = PBXFileReference; fileEncoding = 4; lastKnownFileType = sourcecode.c.objc; path = "NSMutableURLRequest+PJLink.m"; sourceTree = "<group>"; };
		FD9A0DCC1728BFA300C82534 /* NSString+Utils.h */ = {isa = PBXFileReference; fileEncoding = 4; lastKnownFileType = sourcecode.c.h; path = "NSString+Utils.h"; sourceTree = "<group>"; };
		FD9A0DCD1728BFA300C82534 /* NSString+Utils.m */ = {isa = PBXFileReference; fileEncoding = 4; lastKnownFileType = sourcecode.c.objc; path = "NSString+Utils.m"; sourceTree = "<group>"; };
		FD9A0DCE1728BFA300C82534 /* NSURL+Utils.h */ = {isa = PBXFileReference; fileEncoding = 4; lastKnownFileType = sourcecode.c.h; path = "NSURL+Utils.h"; sourceTree = "<group>"; };
		FD9A0DCF1728BFA300C82534 /* NSURL+Utils.m */ = {isa = PBXFileReference; fileEncoding = 4; lastKnownFileType = sourcecode.c.objc; path = "NSURL+Utils.m"; sourceTree = "<group>"; };
		FD9A0DD01728BFA300C82534 /* NSURLRequest+PJLink.h */ = {isa = PBXFileReference; fileEncoding = 4; lastKnownFileType = sourcecode.c.h; path = "NSURLRequest+PJLink.h"; sourceTree = "<group>"; };
		FD9A0DD11728BFA300C82534 /* NSURLRequest+PJLink.m */ = {isa = PBXFileReference; fileEncoding = 4; lastKnownFileType = sourcecode.c.objc; path = "NSURLRequest+PJLink.m"; sourceTree = "<group>"; };
		FD9A0DD71728C1F500C82534 /* GCDAsyncSocket.h */ = {isa = PBXFileReference; fileEncoding = 4; lastKnownFileType = sourcecode.c.h; path = GCDAsyncSocket.h; sourceTree = "<group>"; };
		FD9A0DD81728C1F500C82534 /* GCDAsyncSocket.m */ = {isa = PBXFileReference; fileEncoding = 4; lastKnownFileType = sourcecode.c.objc; path = GCDAsyncSocket.m; sourceTree = "<group>"; };
		FD9A0DD91728C1F500C82534 /* GCDAsyncUdpSocket.h */ = {isa = PBXFileReference; fileEncoding = 4; lastKnownFileType = sourcecode.c.h; path = GCDAsyncUdpSocket.h; sourceTree = "<group>"; };
		FD9A0DDA1728C1F500C82534 /* GCDAsyncUdpSocket.m */ = {isa = PBXFileReference; fileEncoding = 4; lastKnownFileType = sourcecode.c.objc; path = GCDAsyncUdpSocket.m; sourceTree = "<group>"; };
		FD9A0DDD1728C22B00C82534 /* CFNetwork.framework */ = {isa = PBXFileReference; lastKnownFileType = wrapper.framework; name = CFNetwork.framework; path = System/Library/Frameworks/CFNetwork.framework; sourceTree = SDKROOT; };
		FD9A0DDF1728C23400C82534 /* Security.framework */ = {isa = PBXFileReference; lastKnownFileType = wrapper.framework; name = Security.framework; path = System/Library/Frameworks/Security.framework; sourceTree = SDKROOT; };
/* End PBXFileReference section */

/* Begin PBXFrameworksBuildPhase section */
		FD4EE3AB171C683F0033FD58 /* Frameworks */ = {
			isa = PBXFrameworksBuildPhase;
			buildActionMask = 2147483647;
			files = (
				FD9A0DE01728C23400C82534 /* Security.framework in Frameworks */,
				FD9A0DDE1728C22B00C82534 /* CFNetwork.framework in Frameworks */,
				FD4EE3B2171C683F0033FD58 /* UIKit.framework in Frameworks */,
				FD4EE3B4171C683F0033FD58 /* Foundation.framework in Frameworks */,
				FD4EE3B6171C683F0033FD58 /* CoreGraphics.framework in Frameworks */,
			);
			runOnlyForDeploymentPostprocessing = 0;
		};
/* End PBXFrameworksBuildPhase section */

/* Begin PBXGroup section */
		FD4EE3A5171C683F0033FD58 = {
			isa = PBXGroup;
			children = (
				FD4EE3B7171C683F0033FD58 /* PJLinkCocoa */,
				FD4EE3B0171C683F0033FD58 /* Frameworks */,
				FD4EE3AF171C683F0033FD58 /* Products */,
			);
			sourceTree = "<group>";
		};
		FD4EE3AF171C683F0033FD58 /* Products */ = {
			isa = PBXGroup;
			children = (
				FD4EE3AE171C683F0033FD58 /* PJLinkCocoa.app */,
			);
			name = Products;
			sourceTree = "<group>";
		};
		FD4EE3B0171C683F0033FD58 /* Frameworks */ = {
			isa = PBXGroup;
			children = (
				FD9A0DDF1728C23400C82534 /* Security.framework */,
				FD9A0DDD1728C22B00C82534 /* CFNetwork.framework */,
				FD4EE3B1171C683F0033FD58 /* UIKit.framework */,
				FD4EE3B3171C683F0033FD58 /* Foundation.framework */,
				FD4EE3B5171C683F0033FD58 /* CoreGraphics.framework */,
			);
			name = Frameworks;
			sourceTree = "<group>";
		};
		FD4EE3B7171C683F0033FD58 /* PJLinkCocoa */ = {
			isa = PBXGroup;
			children = (
				FD9A0DD61728C1CB00C82534 /* CocoaAsyncSocket */,
				FD9A0DC91728BF5D00C82534 /* Categories */,
				FD9A0DBB1728BEC300C82534 /* Protocol */,
				FD4EE3C0171C683F0033FD58 /* PJAppDelegate.h */,
				FD4EE3C1171C683F0033FD58 /* PJAppDelegate.m */,
				FD4EE3C9171C683F0033FD58 /* MainStoryboard_iPhone.storyboard */,
				FD4EE3CC171C683F0033FD58 /* MainStoryboard_iPad.storyboard */,
				FD4EE3CF171C683F0033FD58 /* PJViewController.h */,
				FD4EE3D0171C683F0033FD58 /* PJViewController.m */,
				FD4EE3B8171C683F0033FD58 /* Supporting Files */,
			);
			path = PJLinkCocoa;
			sourceTree = "<group>";
		};
		FD4EE3B8171C683F0033FD58 /* Supporting Files */ = {
			isa = PBXGroup;
			children = (
				FD4EE3B9171C683F0033FD58 /* PJLinkCocoa-Info.plist */,
				FD4EE3BA171C683F0033FD58 /* InfoPlist.strings */,
				FD4EE3BD171C683F0033FD58 /* main.m */,
				FD4EE3BF171C683F0033FD58 /* PJLinkCocoa-Prefix.pch */,
				FD4EE3C3171C683F0033FD58 /* Default.png */,
				FD4EE3C5171C683F0033FD58 /* Default@2x.png */,
				FD4EE3C7171C683F0033FD58 /* Default-568h@2x.png */,
			);
			name = "Supporting Files";
			sourceTree = "<group>";
		};
		FD9A0DBB1728BEC300C82534 /* Protocol */ = {
			isa = PBXGroup;
			children = (
				FD9A0DBC1728BF3600C82534 /* PJDefinitions.h */,
				FD9A0DBD1728BF3600C82534 /* PJRequestInfo.h */,
				FD9A0DBE1728BF3600C82534 /* PJRequestInfo.m */,
				FD9A0DBF1728BF3600C82534 /* PJResponseInfo.h */,
				FD9A0DC01728BF3600C82534 /* PJResponseInfo.m */,
				FD9A0DC11728BF3600C82534 /* PJURLProtocol.h */,
				FD9A0DC21728BF3600C82534 /* PJURLProtocol.m */,
				FD9A0DC31728BF3600C82534 /* PJURLResponse.h */,
				FD9A0DC41728BF3600C82534 /* PJURLResponse.m */,
			);
			name = Protocol;
			sourceTree = "<group>";
		};
		FD9A0DC91728BF5D00C82534 /* Categories */ = {
			isa = PBXGroup;
			children = (
				FD9A0DCA1728BFA300C82534 /* NSMutableURLRequest+PJLink.h */,
				FD9A0DCB1728BFA300C82534 /* NSMutableURLRequest+PJLink.m */,
				FD9A0DCC1728BFA300C82534 /* NSString+Utils.h */,
				FD9A0DCD1728BFA300C82534 /* NSString+Utils.m */,
				FD9A0DCE1728BFA300C82534 /* NSURL+Utils.h */,
				FD9A0DCF1728BFA300C82534 /* NSURL+Utils.m */,
				FD9A0DD01728BFA300C82534 /* NSURLRequest+PJLink.h */,
				FD9A0DD11728BFA300C82534 /* NSURLRequest+PJLink.m */,
			);
			name = Categories;
			sourceTree = "<group>";
		};
		FD9A0DD61728C1CB00C82534 /* CocoaAsyncSocket */ = {
			isa = PBXGroup;
			children = (
				FD9A0DD71728C1F500C82534 /* GCDAsyncSocket.h */,
				FD9A0DD81728C1F500C82534 /* GCDAsyncSocket.m */,
				FD9A0DD91728C1F500C82534 /* GCDAsyncUdpSocket.h */,
				FD9A0DDA1728C1F500C82534 /* GCDAsyncUdpSocket.m */,
			);
			name = CocoaAsyncSocket;
			sourceTree = "<group>";
		};
/* End PBXGroup section */

/* Begin PBXNativeTarget section */
		FD4EE3AD171C683F0033FD58 /* PJLinkCocoa */ = {
			isa = PBXNativeTarget;
			buildConfigurationList = FD4EE3D4171C683F0033FD58 /* Build configuration list for PBXNativeTarget "PJLinkCocoa" */;
			buildPhases = (
				FD4EE3AA171C683F0033FD58 /* Sources */,
				FD4EE3AB171C683F0033FD58 /* Frameworks */,
				FD4EE3AC171C683F0033FD58 /* Resources */,
			);
			buildRules = (
			);
			dependencies = (
			);
			name = PJLinkCocoa;
			productName = PJLinkCocoa;
			productReference = FD4EE3AE171C683F0033FD58 /* PJLinkCocoa.app */;
			productType = "com.apple.product-type.application";
		};
/* End PBXNativeTarget section */

/* Begin PBXProject section */
		FD4EE3A6171C683F0033FD58 /* Project object */ = {
			isa = PBXProject;
			attributes = {
				CLASSPREFIX = PJ;
				LastUpgradeCheck = 0460;
				ORGANIZATIONNAME = "Eric Hyche";
			};
			buildConfigurationList = FD4EE3A9171C683F0033FD58 /* Build configuration list for PBXProject "PJLinkCocoa" */;
			compatibilityVersion = "Xcode 3.2";
			developmentRegion = English;
			hasScannedForEncodings = 0;
			knownRegions = (
				en,
			);
			mainGroup = FD4EE3A5171C683F0033FD58;
			productRefGroup = FD4EE3AF171C683F0033FD58 /* Products */;
			projectDirPath = "";
			projectRoot = "";
			targets = (
				FD4EE3AD171C683F0033FD58 /* PJLinkCocoa */,
			);
		};
/* End PBXProject section */

/* Begin PBXResourcesBuildPhase section */
		FD4EE3AC171C683F0033FD58 /* Resources */ = {
			isa = PBXResourcesBuildPhase;
			buildActionMask = 2147483647;
			files = (
				FD4EE3BC171C683F0033FD58 /* InfoPlist.strings in Resources */,
				FD4EE3C4171C683F0033FD58 /* Default.png in Resources */,
				FD4EE3C6171C683F0033FD58 /* Default@2x.png in Resources */,
				FD4EE3C8171C683F0033FD58 /* Default-568h@2x.png in Resources */,
				FD4EE3CB171C683F0033FD58 /* MainStoryboard_iPhone.storyboard in Resources */,
				FD4EE3CE171C683F0033FD58 /* MainStoryboard_iPad.storyboard in Resources */,
			);
			runOnlyForDeploymentPostprocessing = 0;
		};
/* End PBXResourcesBuildPhase section */

/* Begin PBXSourcesBuildPhase section */
		FD4EE3AA171C683F0033FD58 /* Sources */ = {
			isa = PBXSourcesBuildPhase;
			buildActionMask = 2147483647;
			files = (
				FD4EE3BE171C683F0033FD58 /* main.m in Sources */,
				FD4EE3C2171C683F0033FD58 /* PJAppDelegate.m in Sources */,
				FD4EE3D1171C683F0033FD58 /* PJViewController.m in Sources */,
				FD9A0DC51728BF3600C82534 /* PJRequestInfo.m in Sources */,
				FD9A0DC61728BF3600C82534 /* PJResponseInfo.m in Sources */,
				FD9A0DC71728BF3600C82534 /* PJURLProtocol.m in Sources */,
				FD9A0DC81728BF3600C82534 /* PJURLResponse.m in Sources */,
				FD9A0DD21728BFA300C82534 /* NSMutableURLRequest+PJLink.m in Sources */,
				FD9A0DD31728BFA300C82534 /* NSString+Utils.m in Sources */,
				FD9A0DD41728BFA300C82534 /* NSURL+Utils.m in Sources */,
				FD9A0DD51728BFA300C82534 /* NSURLRequest+PJLink.m in Sources */,
				FD9A0DDB1728C1F500C82534 /* GCDAsyncSocket.m in Sources */,
				FD9A0DDC1728C1F500C82534 /* GCDAsyncUdpSocket.m in Sources */,
			);
			runOnlyForDeploymentPostprocessing = 0;
		};
/* End PBXSourcesBuildPhase section */

/* Begin PBXVariantGroup section */
		FD4EE3BA171C683F0033FD58 /* InfoPlist.strings */ = {
			isa = PBXVariantGroup;
			children = (
				FD4EE3BB171C683F0033FD58 /* en */,
			);
			name = InfoPlist.strings;
			sourceTree = "<group>";
		};
		FD4EE3C9171C683F0033FD58 /* MainStoryboard_iPhone.storyboard */ = {
			isa = PBXVariantGroup;
			children = (
				FD4EE3CA171C683F0033FD58 /* en */,
			);
			name = MainStoryboard_iPhone.storyboard;
			sourceTree = "<group>";
		};
		FD4EE3CC171C683F0033FD58 /* MainStoryboard_iPad.storyboard */ = {
			isa = PBXVariantGroup;
			children = (
				FD4EE3CD171C683F0033FD58 /* en */,
			);
			name = MainStoryboard_iPad.storyboard;
			sourceTree = "<group>";
		};
/* End PBXVariantGroup section */

/* Begin XCBuildConfiguration section */
		FD4EE3D2171C683F0033FD58 /* Debug */ = {
			isa = XCBuildConfiguration;
			buildSettings = {
				ALWAYS_SEARCH_USER_PATHS = NO;
				CLANG_CXX_LANGUAGE_STANDARD = "gnu++0x";
				CLANG_CXX_LIBRARY = "libc++";
				CLANG_ENABLE_OBJC_ARC = YES;
				CLANG_WARN_CONSTANT_CONVERSION = YES;
				CLANG_WARN_EMPTY_BODY = YES;
				CLANG_WARN_ENUM_CONVERSION = YES;
				CLANG_WARN_INT_CONVERSION = YES;
				CLANG_WARN__DUPLICATE_METHOD_MATCH = YES;
				"CODE_SIGN_IDENTITY[sdk=iphoneos*]" = "iPhone Developer";
				COPY_PHASE_STRIP = NO;
				GCC_C_LANGUAGE_STANDARD = gnu99;
				GCC_DYNAMIC_NO_PIC = NO;
				GCC_OPTIMIZATION_LEVEL = 0;
				GCC_PREPROCESSOR_DEFINITIONS = (
					"DEBUG=1",
					"$(inherited)",
				);
				GCC_SYMBOLS_PRIVATE_EXTERN = NO;
				GCC_WARN_ABOUT_RETURN_TYPE = YES;
				GCC_WARN_UNINITIALIZED_AUTOS = YES;
				GCC_WARN_UNUSED_VARIABLE = YES;
				IPHONEOS_DEPLOYMENT_TARGET = 6.1;
				ONLY_ACTIVE_ARCH = YES;
				SDKROOT = iphoneos;
				TARGETED_DEVICE_FAMILY = "1,2";
			};
			name = Debug;
		};
		FD4EE3D3171C683F0033FD58 /* Release */ = {
			isa = XCBuildConfiguration;
			buildSettings = {
				ALWAYS_SEARCH_USER_PATHS = NO;
				CLANG_CXX_LANGUAGE_STANDARD = "gnu++0x";
				CLANG_CXX_LIBRARY = "libc++";
				CLANG_ENABLE_OBJC_ARC = YES;
				CLANG_WARN_CONSTANT_CONVERSION = YES;
				CLANG_WARN_EMPTY_BODY = YES;
				CLANG_WARN_ENUM_CONVERSION = YES;
				CLANG_WARN_INT_CONVERSION = YES;
				CLANG_WARN__DUPLICATE_METHOD_MATCH = YES;
				"CODE_SIGN_IDENTITY[sdk=iphoneos*]" = "iPhone Developer";
				COPY_PHASE_STRIP = YES;
				GCC_C_LANGUAGE_STANDARD = gnu99;
				GCC_WARN_ABOUT_RETURN_TYPE = YES;
				GCC_WARN_UNINITIALIZED_AUTOS = YES;
				GCC_WARN_UNUSED_VARIABLE = YES;
				IPHONEOS_DEPLOYMENT_TARGET = 6.1;
				OTHER_CFLAGS = "-DNS_BLOCK_ASSERTIONS=1";
				SDKROOT = iphoneos;
				TARGETED_DEVICE_FAMILY = "1,2";
				VALIDATE_PRODUCT = YES;
			};
			name = Release;
		};
		FD4EE3D5171C683F0033FD58 /* Debug */ = {
			isa = XCBuildConfiguration;
			buildSettings = {
				GCC_PRECOMPILE_PREFIX_HEADER = YES;
				GCC_PREFIX_HEADER = "PJLinkCocoa/PJLinkCocoa-Prefix.pch";
				INFOPLIST_FILE = "PJLinkCocoa/PJLinkCocoa-Info.plist";
				PRODUCT_NAME = "$(TARGET_NAME)";
				WRAPPER_EXTENSION = app;
			};
			name = Debug;
		};
		FD4EE3D6171C683F0033FD58 /* Release */ = {
			isa = XCBuildConfiguration;
			buildSettings = {
				GCC_PRECOMPILE_PREFIX_HEADER = YES;
				GCC_PREFIX_HEADER = "PJLinkCocoa/PJLinkCocoa-Prefix.pch";
				INFOPLIST_FILE = "PJLinkCocoa/PJLinkCocoa-Info.plist";
				PRODUCT_NAME = "$(TARGET_NAME)";
				WRAPPER_EXTENSION = app;
			};
			name = Release;
		};
/* End XCBuildConfiguration section */

/* Begin XCConfigurationList section */
		FD4EE3A9171C683F0033FD58 /* Build configuration list for PBXProject "PJLinkCocoa" */ = {
			isa = XCConfigurationList;
			buildConfigurations = (
				FD4EE3D2171C683F0033FD58 /* Debug */,
				FD4EE3D3171C683F0033FD58 /* Release */,
			);
			defaultConfigurationIsVisible = 0;
			defaultConfigurationName = Release;
		};
		FD4EE3D4171C683F0033FD58 /* Build configuration list for PBXNativeTarget "PJLinkCocoa" */ = {
			isa = XCConfigurationList;
			buildConfigurations = (
				FD4EE3D5171C683F0033FD58 /* Debug */,
				FD4EE3D6171C683F0033FD58 /* Release */,
			);
			defaultConfigurationIsVisible = 0;
			defaultConfigurationName = Release;
		};
/* End XCConfigurationList section */
	};
	rootObject = FD4EE3A6171C683F0033FD58 /* Project object */;
}
